{
    "_readme": [
        "This file locks the dependencies of your project to a known state",
        "Read more about it at https://getcomposer.org/doc/01-basic-usage.md#installing-dependencies",
        "This file is @generated automatically"
    ],
    "content-hash": "3e11d831b948f48b43dd1a9d98471f42",
    "packages": [
        {
            "name": "opencage/geocode",
            "version": "v3.3.1",
            "source": {
                "type": "git",
                "url": "https://github.com/OpenCageData/php-opencage-geocode.git",
                "reference": "3e6f38a08d3f42476667689267fe7b1fceedb1dd"
            },
            "dist": {
                "type": "zip",
                "url": "https://api.github.com/repos/OpenCageData/php-opencage-geocode/zipball/3e6f38a08d3f42476667689267fe7b1fceedb1dd",
                "reference": "3e6f38a08d3f42476667689267fe7b1fceedb1dd",
                "shasum": ""
            },
            "require": {
                "php": ">=8.0"
            },
            "require-dev": {
                "phpstan/phpstan": "^2.0.0",
                "phpunit/phpunit": "~11.0",
                "squizlabs/php_codesniffer": "^3.7"
            },
            "type": "library",
            "autoload": {
                "psr-4": {
                    "OpenCage\\Geocoder\\": "src"
                }
            },
            "notification-url": "https://packagist.org/downloads/",
            "license": [
                "BSD-2-Clause"
            ],
            "authors": [
                {
                    "name": "OpenCage GmbH",
                    "email": "support@opencagedata.com",
                    "homepage": "https://opencagedata.com"
                }
            ],
            "description": "A PHP library for geocoding via the OpenCage Geocoder API",
            "keywords": [
                "addresses",
                "geocode",
                "geocoding",
                "opencagedata"
            ],
            "support": {
                "docs": "https://opencagedata.com/api",
                "issues": "https://github.com/OpenCageData/php-opencage-geocode/issues",
                "source": "https://github.com/OpenCageData/php-opencage-geocode"
            },
            "time": "2024-11-21T21:46:28+00:00"
        }
    ],
    "packages-dev": [],
    "aliases": [],
    "minimum-stability": "stable",
    "stability-flags": {},
    "prefer-stable": false,
    "prefer-lowest": false,
    "platform": {},
    "platform-dev": {},
    "plugin-api-version": "2.6.0"
}
